Microsoft Visual Studio Solution File, Format Version 12.00
# Visual Studio Version 17
VisualStudioVersion = 17.5.2.0
MinimumVisualStudioVersion = 10.0.40219.1
Project("{FAE04EC0-301F-11D3-BF4B-00C04F79EFBC}") = "CryptoDashboard", "CryptoDashboard.csproj", "{55D27911-528A-8E7B-B4B4-BC15530B3F38}"
EndProject
Global
	GlobalSection(SolutionConfigurationPlatforms) = preSolution
		Debug|Any CPU = Debug|Any CPU
		Release|Any CPU = Release|Any CPU
	EndGlobalSection
	GlobalSection(ProjectConfigurationPlatforms) = postSolution
		{55D27911-528A-8E7B-B4B4-BC15530B3F38}.Debug|Any CPU.ActiveCfg = Debug|Any CPU
		{55D27911-528A-8E7B-B4B4-BC15530B3F38}.Debug|Any CPU.Build.0 = Debug|Any CPU
		{55D27911-528A-8E7B-B4B4-BC15530B3F38}.Release|Any CPU.ActiveCfg = Release|Any CPU
		{55D27911-528A-8E7B-B4B4-BC15530B3F38}.Release|Any CPU.Build.0 = Release|Any CPU
	EndGlobalSection
	GlobalSection(SolutionProperties) = preSolution
		HideSolutionNode = FALSE
	EndGlobalSection
	GlobalSection(ExtensibilityGlobals) = postSolution
		SolutionGuid = {109F5CF5-B001-47D1-A84B-B3FC7315AC81}
	EndGlobalSection
EndGlobal
